
Microsoft Visual Studio Solution File, Format Version 12.00
# Visual Studio 14
VisualStudioVersion = 14.0.24720.0
MinimumVisualStudioVersion = 10.0.40219.1
Project("{FAE04EC0-301F-11D3-BF4B-00C04F79EFBC}") = "BowlingScorer", "BowlingScorer\BowlingScorer.csproj", "{6BCDF72F-1AC2-4828-A84A-4364C83C3364}"
EndProject
Project("{2150E333-8FDC-42A3-9474-1A3956D46DE8}") = "Tests", "Tests", "{EC69CEA3-5C2D-4C8C-A685-93B7049660BB}"
EndProject
Project("{FAE04EC0-301F-11D3-BF4B-00C04F79EFBC}") = "UnitTests", "UnitTests\UnitTests.csproj", "{B7829DD0-EB8D-4662-B107-BA2871BD0967}"
EndProject
Global
	GlobalSection(SolutionConfigurationPlatforms) = preSolution
		Debug|Any CPU = Debug|Any CPU
		Release|Any CPU = Release|Any CPU
	EndGlobalSection
	GlobalSection(ProjectConfigurationPlatforms) = postSolution
		{6BCDF72F-1AC2-4828-A84A-4364C83C3364}.Debug|Any CPU.ActiveCfg = Debug|Any CPU
		{6BCDF72F-1AC2-4828-A84A-4364C83C3364}.Debug|Any CPU.Build.0 = Debug|Any CPU
		{6BCDF72F-1AC2-4828-A84A-4364C83C3364}.Release|Any CPU.ActiveCfg = Release|Any CPU
		{6BCDF72F-1AC2-4828-A84A-4364C83C3364}.Release|Any CPU.Build.0 = Release|Any CPU
		{B7829DD0-EB8D-4662-B107-BA2871BD0967}.Debug|Any CPU.ActiveCfg = Debug|Any CPU
		{B7829DD0-EB8D-4662-B107-BA2871BD0967}.Debug|Any CPU.Build.0 = Debug|Any CPU
		{B7829DD0-EB8D-4662-B107-BA2871BD0967}.Release|Any CPU.ActiveCfg = Release|Any CPU
		{B7829DD0-EB8D-4662-B107-BA2871BD0967}.Release|Any CPU.Build.0 = Release|Any CPU
	EndGlobalSection
	GlobalSection(SolutionProperties) = preSolution
		HideSolutionNode = FALSE
	EndGlobalSection
	GlobalSection(NestedProjects) = preSolution
		{B7829DD0-EB8D-4662-B107-BA2871BD0967} = {EC69CEA3-5C2D-4C8C-A685-93B7049660BB}
	EndGlobalSection
EndGlobal
